{
  "name": "test",
  "version": "1.0.0",
  "lockfileVersion": 3,
  "requires": true,
  "packages": {
    "": {
      "name": "test",
      "version": "1.0.0",
      "license": "ISC",
      "dependencies": {
        "@tropicbliss/symphonia": "^0.2.19"
      }
    },
    "node_modules/@tropicbliss/symphonia": {
      "version": "0.2.19",
      "resolved": "https://registry.npmjs.org/@tropicbliss/symphonia/-/symphonia-0.2.19.tgz",
      "integrity": "sha512-+ArDTiUvzb5jm7s6sSPLu1Kr3XMdZS9DLMdkADoHjCUNxHRzi6W6fGaPcvF6OO4MzpdxzU1T93y3XW0t8Fogyg==",
      "engines": {
        "node": ">= 10"
      },
      "optionalDependencies": {
        "@tropicbliss/symphonia-darwin-arm64": "0.2.19",
        "@tropicbliss/symphonia-darwin-x64": "0.2.19",
        "@tropicbliss/symphonia-linux-x64-gnu": "0.2.19",
        "@tropicbliss/symphonia-win32-ia32-msvc": "0.2.19",
        "@tropicbliss/symphonia-win32-x64-msvc": "0.2.19"
      }
    },
    "node_modules/@tropicbliss/symphonia-darwin-arm64": {
      "version": "0.2.19",
      "resolved": "https://registry.npmjs.org/@tropicbliss/symphonia-darwin-arm64/-/symphonia-darwin-arm64-0.2.19.tgz",
      "integrity": "sha512-/rGsHKoXRwWdPgZ3Wq2R+Oyiedi4MWb5hPVqMZu9KOSWDE2yKTm1xBkUrnPxNc+sFrbHB7QJ3JXb/wNYArHkyQ==",
      "cpu": [
        "arm64"
      ],
      "optional": true,
      "os": [
        "darwin"
      ],
      "engines": {
        "node": ">= 10"
      }
    },
    "node_modules/@tropicbliss/symphonia-darwin-x64": {
      "version": "0.2.19",
      "resolved": "https://registry.npmjs.org/@tropicbliss/symphonia-darwin-x64/-/symphonia-darwin-x64-0.2.19.tgz",
      "integrity": "sha512-FwKBPvz7dPpGeTWZ8eHFjJ50KgSl2FUmJZSV9zxY6Fy1St2pE/n4TLAVdR4KBkZGKeBazBjLKHStMMzWgwcPjA==",
      "cpu": [
        "x64"
      ],
      "optional": true,
      "os": [
        "darwin"
      ],
      "engines": {
        "node": ">= 10"
      }
    },
    "node_modules/@tropicbliss/symphonia-linux-x64-gnu": {
      "version": "0.2.19",
      "resolved": "https://registry.npmjs.org/@tropicbliss/symphonia-linux-x64-gnu/-/symphonia-linux-x64-gnu-0.2.19.tgz",
      "integrity": "sha512-RUSMN5IknO58r3QxKrX4c390YmRzuX1rBPyKRMGhqb9I/9ORjp96LtSDC8crFhGnhVcQVVJ5SfnlzLF/FDMLVA==",
      "cpu": [
        "x64"
      ],
      "optional": true,
      "os": [
        "linux"
      ],
      "engines": {
        "node": ">= 10"
      }
    },
    "node_modules/@tropicbliss/symphonia-win32-ia32-msvc": {
      "version": "0.2.19",
      "resolved": "https://registry.npmjs.org/@tropicbliss/symphonia-win32-ia32-msvc/-/symphonia-win32-ia32-msvc-0.2.19.tgz",
      "integrity": "sha512-Jz+Qg5LeZ4VQIHlxXhDec8bFwiWAt3IXTv/pUXbc3z7NHY14MdzzP5WzeTwI/o8JPj71aIKrN6RdMBonGKU13A==",
      "cpu": [
        "ia32"
      ],
      "optional": true,
      "os": [
        "win32"
      ],
      "engines": {
        "node": ">= 10"
      }
    },
    "node_modules/@tropicbliss/symphonia-win32-x64-msvc": {
      "version": "0.2.19",
      "resolved": "https://registry.npmjs.org/@tropicbliss/symphonia-win32-x64-msvc/-/symphonia-win32-x64-msvc-0.2.19.tgz",
      "integrity": "sha512-4r4HfDsfifBu40SweZsN/rG/Im0sR7qHn8gHHniSyzgO+0bXCK/qtBOmEHD2+VKWM/Mk7Q9S9ZuV9OPiqQyr2w==",
      "cpu": [
        "x64"
      ],
      "optional": true,
      "os": [
        "win32"
      ],
      "engines": {
        "node": ">= 10"
      }
    }
  }
}
